// !$*UTF8*$!
{
	archiveVersion = 1;
	classes = {
	};
	objectVersion = 48;
	objects = {

/* Begin PBXBuildFile section */
		4279CE3D20D45EF600BF8EC4 /* AppDelegate.swift in Sources */ = {isa = PBXBuildFile; fileRef = 4279CE3C20D45EF600BF8EC4 /* AppDelegate.swift */; };
		4279CE3F20D45EF600BF8EC4 /* ViewController.swift in Sources */ = {isa = PBXBuildFile; fileRef = 4279CE3E20D45EF600BF8EC4 /* ViewController.swift */; };
		4279CE4220D45EF600BF8EC4 /* Main.storyboard in Resources */ = {isa = PBXBuildFile; fileRef = 4279CE4020D45EF600BF8EC4 /* Main.storyboard */; };
		4279CE4420D45EF600BF8EC4 /* Assets.xcassets in Resources */ = {isa = PBXBuildFile; fileRef = 4279CE4320D45EF600BF8EC4 /* Assets.xcassets */; };
		4279CE4720D45EF600BF8EC4 /* LaunchScreen.storyboard in Resources */ = {isa = PBXBuildFile; fileRef = 4279CE4520D45EF600BF8EC4 /* LaunchScreen.storyboard */; };
		4279CE4F20D4621700BF8EC4 /* Balham.otf in Resources */ = {isa = PBXBuildFile; fileRef = 4279CE4E20D4621700BF8EC4 /* Balham.otf */; };
		BF09118F20EFCB800038889F /* Question.swift in Sources */ = {isa = PBXBuildFile; fileRef = BF09118E20EFCB800038889F /* Question.swift */; };
		BF09119120EFDB0A0038889F /* QuestionManager.swift in Sources */ = {isa = PBXBuildFile; fileRef = BF09119020EFDB0A0038889F /* QuestionManager.swift */; };
		BF0911B120EFDB5D0038889F /* Game.swift in Sources */ = {isa = PBXBuildFile; fileRef = BF0911B020EFDB5D0038889F /* Game.swift */; };
		BF0911B320EFFBC00038889F /* QuestionView.swift in Sources */ = {isa = PBXBuildFile; fileRef = BF0911B220EFFBC00038889F /* QuestionView.swift */; };
/* End PBXBuildFile section */

/* Begin PBXFileReference section */
		4279CE3920D45EF600BF8EC4 /* OpenQuizzz.app */ = {isa = PBXFileReference; explicitFileType = wrapper.application; includeInIndex = 0; path = OpenQuizzz.app; sourceTree = BUILT_PRODUCTS_DIR; };
		4279CE3C20D45EF600BF8EC4 /* AppDelegate.swift */ = {isa = PBXFileReference; lastKnownFileType = sourcecode.swift; path = AppDelegate.swift; sourceTree = "<group>"; };
		4279CE3E20D45EF600BF8EC4 /* ViewController.swift */ = {isa = PBXFileReference; lastKnownFileType = sourcecode.swift; path = ViewController.swift; sourceTree = "<group>"; };
		4279CE4120D45EF600BF8EC4 /* Base */ = {isa = PBXFileReference; lastKnownFileType = file.storyboard; name = Base; path = Base.lproj/Main.storyboard; sourceTree = "<group>"; };
		4279CE4320D45EF600BF8EC4 /* Assets.xcassets */ = {isa = PBXFileReference; lastKnownFileType = folder.assetcatalog; path = Assets.xcassets; sourceTree = "<group>"; };
		4279CE4620D45EF600BF8EC4 /* Base */ = {isa = PBXFileReference; lastKnownFileType = file.storyboard; name = Base; path = Base.lproj/LaunchScreen.storyboard; sourceTree = "<group>"; };
		4279CE4820D45EF600BF8EC4 /* Info.plist */ = {isa = PBXFileReference; lastKnownFileType = text.plist.xml; path = Info.plist; sourceTree = "<group>"; };
		4279CE4E20D4621700BF8EC4 /* Balham.otf */ = {isa = PBXFileReference; lastKnownFileType = file; path = Balham.otf; sourceTree = "<group>"; };
		BF09118E20EFCB800038889F /* Question.swift */ = {isa = PBXFileReference; lastKnownFileType = sourcecode.swift; path = Question.swift; sourceTree = "<group>"; };
		BF09119020EFDB0A0038889F /* QuestionManager.swift */ = {isa = PBXFileReference; lastKnownFileType = sourcecode.swift; path = QuestionManager.swift; sourceTree = "<group>"; };
		BF0911B020EFDB5D0038889F /* Game.swift */ = {isa = PBXFileReference; lastKnownFileType = sourcecode.swift; path = Game.swift; sourceTree = "<group>"; };
		BF0911B220EFFBC00038889F /* QuestionView.swift */ = {isa = PBXFileReference; lastKnownFileType = sourcecode.swift; path = QuestionView.swift; sourceTree = "<group>"; };
/* End PBXFileReference section */

/* Begin PBXFrameworksBuildPhase section */
		4279CE3620D45EF600BF8EC4 /* Frameworks */ = {
			isa = PBXFrameworksBuildPhase;
			buildActionMask = 2147483647;
			files = (
			);
			runOnlyForDeploymentPostprocessing = 0;
		};
/* End PBXFrameworksBuildPhase section */

/* Begin PBXGroup section */
		4279CE3020D45EF600BF8EC4 = {
			isa = PBXGroup;
			children = (
				4279CE3B20D45EF600BF8EC4 /* OpenQuizzz */,
				4279CE3A20D45EF600BF8EC4 /* Products */,
			);
			sourceTree = "<group>";
		};
		4279CE3A20D45EF600BF8EC4 /* Products */ = {
			isa = PBXGroup;
			children = (
				4279CE3920D45EF600BF8EC4 /* OpenQuizzz.app */,
			);
			name = Products;
			sourceTree = "<group>";
		};
		4279CE3B20D45EF600BF8EC4 /* OpenQuizzz */ = {
			isa = PBXGroup;
			children = (
				BF0911B220EFFBC00038889F /* QuestionView.swift */,
				4279CE3C20D45EF600BF8EC4 /* AppDelegate.swift */,
				4279CE3E20D45EF600BF8EC4 /* ViewController.swift */,
				4279CE4020D45EF600BF8EC4 /* Main.storyboard */,
				BF09118E20EFCB800038889F /* Question.swift */,
				BF0911B020EFDB5D0038889F /* Game.swift */,
				BF09119020EFDB0A0038889F /* QuestionManager.swift */,
				4279CE4320D45EF600BF8EC4 /* Assets.xcassets */,
				4279CE4E20D4621700BF8EC4 /* Balham.otf */,
				4279CE4520D45EF600BF8EC4 /* LaunchScreen.storyboard */,
				4279CE4820D45EF600BF8EC4 /* Info.plist */,
			);
			path = OpenQuizzz;
			sourceTree = "<group>";
		};
/* End PBXGroup section */

/* Begin PBXNativeTarget section */
		4279CE3820D45EF600BF8EC4 /* OpenQuizzz */ = {
			isa = PBXNativeTarget;
			buildConfigurationList = 4279CE4B20D45EF600BF8EC4 /* Build configuration list for PBXNativeTarget "OpenQuizzz" */;
			buildPhases = (
				4279CE3520D45EF600BF8EC4 /* Sources */,
				4279CE3620D45EF600BF8EC4 /* Frameworks */,
				4279CE3720D45EF600BF8EC4 /* Resources */,
			);
			buildRules = (
			);
			dependencies = (
			);
			name = OpenQuizzz;
			productName = OpenQuizzz;
			productReference = 4279CE3920D45EF600BF8EC4 /* OpenQuizzz.app */;
			productType = "com.apple.product-type.application";
		};
/* End PBXNativeTarget section */

/* Begin PBXProject section */
		4279CE3120D45EF600BF8EC4 /* Project object */ = {
			isa = PBXProject;
			attributes = {
				LastSwiftUpdateCheck = 0920;
				LastUpgradeCheck = 0920;
				ORGANIZATIONNAME = fr.VincentBoulanger;
				TargetAttributes = {
					4279CE3820D45EF600BF8EC4 = {
						CreatedOnToolsVersion = 9.2;
						ProvisioningStyle = Automatic;
					};
				};
			};
			buildConfigurationList = 4279CE3420D45EF600BF8EC4 /* Build configuration list for PBXProject "OpenQuizzz" */;
			compatibilityVersion = "Xcode 8.0";
			developmentRegion = en;
			hasScannedForEncodings = 0;
			knownRegions = (
				en,
				Base,
			);
			mainGroup = 4279CE3020D45EF600BF8EC4;
			productRefGroup = 4279CE3A20D45EF600BF8EC4 /* Products */;
			projectDirPath = "";
			projectRoot = "";
			targets = (
				4279CE3820D45EF600BF8EC4 /* OpenQuizzz */,
			);
		};
/* End PBXProject section */

/* Begin PBXResourcesBuildPhase section */
		4279CE3720D45EF600BF8EC4 /* Resources */ = {
			isa = PBXResourcesBuildPhase;
			buildActionMask = 2147483647;
			files = (
				4279CE4720D45EF600BF8EC4 /* LaunchScreen.storyboard in Resources */,
				4279CE4420D45EF600BF8EC4 /* Assets.xcassets in Resources */,
				4279CE4F20D4621700BF8EC4 /* Balham.otf in Resources */,
				4279CE4220D45EF600BF8EC4 /* Main.storyboard in Resources */,
			);
			runOnlyForDeploymentPostprocessing = 0;
		};
/* End PBXResourcesBuildPhase section */

/* Begin PBXSourcesBuildPhase section */
		4279CE3520D45EF600BF8EC4 /* Sources */ = {
			isa = PBXSourcesBuildPhase;
			buildActionMask = 2147483647;
			files = (
				BF09118F20EFCB800038889F /* Question.swift in Sources */,
				BF0911B120EFDB5D0038889F /* Game.swift in Sources */,
				4279CE3F20D45EF600BF8EC4 /* ViewController.swift in Sources */,
				4279CE3D20D45EF600BF8EC4 /* AppDelegate.swift in Sources */,
				BF0911B320EFFBC00038889F /* QuestionView.swift in Sources */,
				BF09119120EFDB0A0038889F /* QuestionManager.swift in Sources */,
			);
			runOnlyForDeploymentPostprocessing = 0;
		};
/* End PBXSourcesBuildPhase section */

/* Begin PBXVariantGroup section */
		4279CE4020D45EF600BF8EC4 /* Main.storyboard */ = {
			isa = PBXVariantGroup;
			children = (
				4279CE4120D45EF600BF8EC4 /* Base */,
			);
			name = Main.storyboard;
			sourceTree = "<group>";
		};
		4279CE4520D45EF600BF8EC4 /* LaunchScreen.storyboard */ = {
			isa = PBXVariantGroup;
			children = (
				4279CE4620D45EF600BF8EC4 /* Base */,
			);
			name = LaunchScreen.storyboard;
			sourceTree = "<group>";
		};
/* End PBXVariantGroup section */

/* Begin XCBuildConfiguration section */
		4279CE4920D45EF600BF8EC4 /* Debug */ = {
			isa = XCBuildConfiguration;
			buildSettings = {
				ALWAYS_SEARCH_USER_PATHS = NO;
				CLANG_ANALYZER_NONNULL = YES;
				CLANG_ANALYZER_NUMBER_OBJECT_CONVERSION = YES_AGGRESSIVE;
				CLANG_CXX_LANGUAGE_STANDARD = "gnu++14";
				CLANG_CXX_LIBRARY = "libc++";
				CLANG_ENABLE_MODULES = YES;
				CLANG_ENABLE_OBJC_ARC = YES;
				CLANG_WARN_BLOCK_CAPTURE_AUTORELEASING = YES;
				CLANG_WARN_BOOL_CONVERSION = YES;
				CLANG_WARN_COMMA = YES;
				CLANG_WARN_CONSTANT_CONVERSION = YES;
				CLANG_WARN_DIRECT_OBJC_ISA_USAGE = YES_ERROR;
				CLANG_WARN_DOCUMENTATION_COMMENTS = YES;
				CLANG_WARN_EMPTY_BODY = YES;
				CLANG_WARN_ENUM_CONVERSION = YES;
				CLANG_WARN_INFINITE_RECURSION = YES;
				CLANG_WARN_INT_CONVERSION = YES;
				CLANG_WARN_NON_LITERAL_NULL_CONVERSION = YES;
				CLANG_WARN_OBJC_LITERAL_CONVERSION = YES;
				CLANG_WARN_OBJC_ROOT_CLASS = YES_ERROR;
				CLANG_WARN_RANGE_LOOP_ANALYSIS = YES;
				CLANG_WARN_STRICT_PROTOTYPES = YES;
				CLANG_WARN_SUSPICIOUS_MOVE = YES;
				CLANG_WARN_UNGUARDED_AVAILABILITY = YES_AGGRESSIVE;
				CLANG_WARN_UNREACHABLE_CODE = YES;
				CLANG_WARN__DUPLICATE_METHOD_MATCH = YES;
				CODE_SIGN_IDENTITY = "iPhone Developer";
				COPY_PHASE_STRIP = NO;
				DEBUG_INFORMATION_FORMAT = dwarf;
				ENABLE_STRICT_OBJC_MSGSEND = YES;
				ENABLE_TESTABILITY = YES;
				GCC_C_LANGUAGE_STANDARD = gnu11;
				GCC_DYNAMIC_NO_PIC = NO;
				GCC_NO_COMMON_BLOCKS = YES;
				GCC_OPTIMIZATION_LEVEL = 0;
				GCC_PREPROCESSOR_DEFINITIONS = (
					"DEBUG=1",
					"$(inherited)",
				);
				GCC_WARN_64_TO_32_BIT_CONVERSION = YES;
				GCC_WARN_ABOUT_RETURN_TYPE = YES_ERROR;
				GCC_WARN_UNDECLARED_SELECTOR = YES;
				GCC_WARN_UNINITIALIZED_AUTOS = YES_AGGRESSIVE;
				GCC_WARN_UNUSED_FUNCTION = YES;
				GCC_WARN_UNUSED_VARIABLE = YES;
				IPHONEOS_DEPLOYMENT_TARGET = 11.2;
				MTL_ENABLE_DEBUG_INFO = YES;
				ONLY_ACTIVE_ARCH = YES;
				SDKROOT = iphoneos;
				SWIFT_ACTIVE_COMPILATION_CONDITIONS = DEBUG;
				SWIFT_OPTIMIZATION_LEVEL = "-Onone";
			};
			name = Debug;
		};
		4279CE4A20D45EF600BF8EC4 /* Release */ = {
			isa = XCBuildConfiguration;
			buildSettings = {
				ALWAYS_SEARCH_USER_PATHS = NO;
				CLANG_ANALYZER_NONNULL = YES;
				CLANG_ANALYZER_NUMBER_OBJECT_CONVERSION = YES_AGGRESSIVE;
				CLANG_CXX_LANGUAGE_STANDARD = "gnu++14";
				CLANG_CXX_LIBRARY = "libc++";
				CLANG_ENABLE_MODULES = YES;
				CLANG_ENABLE_OBJC_ARC = YES;
				CLANG_WARN_BLOCK_CAPTURE_AUTORELEASING = YES;
				CLANG_WARN_BOOL_CONVERSION = YES;
				CLANG_WARN_COMMA = YES;
				CLANG_WARN_CONSTANT_CONVERSION = YES;
				CLANG_WARN_DIRECT_OBJC_ISA_USAGE = YES_ERROR;
				CLANG_WARN_DOCUMENTATION_COMMENTS = YES;
				CLANG_WARN_EMPTY_BODY = YES;
				CLANG_WARN_ENUM_CONVERSION = YES;
				CLANG_WARN_INFINITE_RECURSION = YES;
				CLANG_WARN_INT_CONVERSION = YES;
				CLANG_WARN_NON_LITERAL_NULL_CONVERSION = YES;
				CLANG_WARN_OBJC_LITERAL_CONVERSION = YES;
				CLANG_WARN_OBJC_ROOT_CLASS = YES_ERROR;
				CLANG_WARN_RANGE_LOOP_ANALYSIS = YES;
				CLANG_WARN_STRICT_PROTOTYPES = YES;
				CLANG_WARN_SUSPICIOUS_MOVE = YES;
				CLANG_WARN_UNGUARDED_AVAILABILITY = YES_AGGRESSIVE;
				CLANG_WARN_UNREACHABLE_CODE = YES;
				CLANG_WARN__DUPLICATE_METHOD_MATCH = YES;
				CODE_SIGN_IDENTITY = "iPhone Developer";
				COPY_PHASE_STRIP = NO;
				DEBUG_INFORMATION_FORMAT = "dwarf-with-dsym";
				ENABLE_NS_ASSERTIONS = NO;
				ENABLE_STRICT_OBJC_MSGSEND = YES;
				GCC_C_LANGUAGE_STANDARD = gnu11;
				GCC_NO_COMMON_BLOCKS = YES;
				GCC_WARN_64_TO_32_BIT_CONVERSION = YES;
				GCC_WARN_ABOUT_RETURN_TYPE = YES_ERROR;
				GCC_WARN_UNDECLARED_SELECTOR = YES;
				GCC_WARN_UNINITIALIZED_AUTOS = YES_AGGRESSIVE;
				GCC_WARN_UNUSED_FUNCTION = YES;
				GCC_WARN_UNUSED_VARIABLE = YES;
				IPHONEOS_DEPLOYMENT_TARGET = 11.2;
				MTL_ENABLE_DEBUG_INFO = NO;
				SDKROOT = iphoneos;
				SWIFT_OPTIMIZATION_LEVEL = "-Owholemodule";
				VALIDATE_PRODUCT = YES;
			};
			name = Release;
		};
		4279CE4C20D45EF600BF8EC4 /* Debug */ = {
			isa = XCBuildConfiguration;
			buildSettings = {
				ASSETCATALOG_COMPILER_APPICON_NAME = AppIcon;
				CODE_SIGN_STYLE = Automatic;
				DEVELOPMENT_TEAM = 6KQ6387NFD;
				INFOPLIST_FILE = OpenQuizzz/Info.plist;
				LD_RUNPATH_SEARCH_PATHS = "$(inherited) @executable_path/Frameworks";
				PRODUCT_BUNDLE_IDENTIFIER = WhatAbout.OpenQuizzz;
				PRODUCT_NAME = "$(TARGET_NAME)";
				SWIFT_VERSION = 4.0;
				TARGETED_DEVICE_FAMILY = "1,2";
			};
			name = Debug;
		};
		4279CE4D20D45EF600BF8EC4 /* Release */ = {
			isa = XCBuildConfiguration;
			buildSettings = {
				ASSETCATALOG_COMPILER_APPICON_NAME = AppIcon;
				CODE_SIGN_STYLE = Automatic;
				DEVELOPMENT_TEAM = 6KQ6387NFD;
				INFOPLIST_FILE = OpenQuizzz/Info.plist;
				LD_RUNPATH_SEARCH_PATHS = "$(inherited) @executable_path/Frameworks";
				PRODUCT_BUNDLE_IDENTIFIER = WhatAbout.OpenQuizzz;
				PRODUCT_NAME = "$(TARGET_NAME)";
				SWIFT_VERSION = 4.0;
				TARGETED_DEVICE_FAMILY = "1,2";
			};
			name = Release;
		};
/* End XCBuildConfiguration section */

/* Begin XCConfigurationList section */
		4279CE3420D45EF600BF8EC4 /* Build configuration list for PBXProject "OpenQuizzz" */ = {
			isa = XCConfigurationList;
			buildConfigurations = (
				4279CE4920D45EF600BF8EC4 /* Debug */,
				4279CE4A20D45EF600BF8EC4 /* Release */,
			);
			defaultConfigurationIsVisible = 0;
			defaultConfigurationName = Release;
		};
		4279CE4B20D45EF600BF8EC4 /* Build configuration list for PBXNativeTarget "OpenQuizzz" */ = {
			isa = XCConfigurationList;
			buildConfigurations = (
				4279CE4C20D45EF600BF8EC4 /* Debug */,
				4279CE4D20D45EF600BF8EC4 /* Release */,
			);
			defaultConfigurationIsVisible = 0;
			defaultConfigurationName = Release;
		};
/* End XCConfigurationList section */
	};
	rootObject = 4279CE3120D45EF600BF8EC4 /* Project object */;
}
